
Microsoft Visual Studio Solution File, Format Version 12.00
# Visual Studio Version 17
VisualStudioVersion = 17.9.34607.119
MinimumVisualStudioVersion = 10.0.40219.1
Project("{9A19103F-16F7-4668-BE54-9A1E7A4F7556}") = "WebApplication1", "WebApplication1\WebApplication1.csproj", "{A1C727E1-1C8D-4702-8A4F-4AA5A1CA674A}"
EndProject
Project("{FAE04EC0-301F-11D3-BF4B-00C04F79EFBC}") = "FunctionApp1", "FunctionApp1\FunctionApp1.csproj", "{4A4D38A8-F198-4D4D-8827-EFBEC7FB89EB}"
EndProject
Global
	GlobalSection(SolutionConfigurationPlatforms) = preSolution
		Debug|Any CPU = Debug|Any CPU
		Release|Any CPU = Release|Any CPU
	EndGlobalSection
	GlobalSection(ProjectConfigurationPlatforms) = postSolution
		{A1C727E1-1C8D-4702-8A4F-4AA5A1CA674A}.Debug|Any CPU.ActiveCfg = Debug|Any CPU
		{A1C727E1-1C8D-4702-8A4F-4AA5A1CA674A}.Debug|Any CPU.Build.0 = Debug|Any CPU
		{A1C727E1-1C8D-4702-8A4F-4AA5A1CA674A}.Release|Any CPU.ActiveCfg = Release|Any CPU
		{A1C727E1-1C8D-4702-8A4F-4AA5A1CA674A}.Release|Any CPU.Build.0 = Release|Any CPU
		{4A4D38A8-F198-4D4D-8827-EFBEC7FB89EB}.Debug|Any CPU.ActiveCfg = Debug|Any CPU
		{4A4D38A8-F198-4D4D-8827-EFBEC7FB89EB}.Debug|Any CPU.Build.0 = Debug|Any CPU
		{4A4D38A8-F198-4D4D-8827-EFBEC7FB89EB}.Release|Any CPU.ActiveCfg = Release|Any CPU
		{4A4D38A8-F198-4D4D-8827-EFBEC7FB89EB}.Release|Any CPU.Build.0 = Release|Any CPU
	EndGlobalSection
	GlobalSection(SolutionProperties) = preSolution
		HideSolutionNode = FALSE
	EndGlobalSection
	GlobalSection(ExtensibilityGlobals) = postSolution
		SolutionGuid = {AC1813C3-DECC-4393-B565-DBBE1AFE6C22}
	EndGlobalSection
EndGlobal
